
Microsoft Visual Studio Solution File, Format Version 12.00
# Visual Studio Version 17
VisualStudioVersion = 17.4.33213.308
MinimumVisualStudioVersion = 10.0.40219.1
Project("{FAE04EC0-301F-11D3-BF4B-00C04F79EFBC}") = "BaiTap", "BaiTap\BaiTap.csproj", "{D702274A-75E0-46C0-BD83-893CC73CF5B4}"
EndProject
Global
	GlobalSection(SolutionConfigurationPlatforms) = preSolution
		Debug|Any CPU = Debug|Any CPU
		Release|Any CPU = Release|Any CPU
	EndGlobalSection
	GlobalSection(ProjectConfigurationPlatforms) = postSolution
		{D702274A-75E0-46C0-BD83-893CC73CF5B4}.Debug|Any CPU.ActiveCfg = Debug|Any CPU
		{D702274A-75E0-46C0-BD83-893CC73CF5B4}.Debug|Any CPU.Build.0 = Debug|Any CPU
		{D702274A-75E0-46C0-BD83-893CC73CF5B4}.Release|Any CPU.ActiveCfg = Release|Any CPU
		{D702274A-75E0-46C0-BD83-893CC73CF5B4}.Release|Any CPU.Build.0 = Release|Any CPU
	EndGlobalSection
	GlobalSection(SolutionProperties) = preSolution
		HideSolutionNode = FALSE
	EndGlobalSection
	GlobalSection(ExtensibilityGlobals) = postSolution
		SolutionGuid = {C1AAF098-8C08-45FF-B25E-61F7D251C9E7}
	EndGlobalSection
EndGlobal
